// !$*UTF8*$!
{
	archiveVersion = 1;
	classes = {
	};
	objectVersion = 50;
	objects = {

/* Begin PBXBuildFile section */
		4728C41120B6FCB4006D06FB /* AppDelegate.swift in Sources */ = {isa = PBXBuildFile; fileRef = 4728C41020B6FCB4006D06FB /* AppDelegate.swift */; };
		4728C41320B6FCB4006D06FB /* ViewController.swift in Sources */ = {isa = PBXBuildFile; fileRef = 4728C41220B6FCB4006D06FB /* ViewController.swift */; };
		4728C41620B6FCB4006D06FB /* Main.storyboard in Resources */ = {isa = PBXBuildFile; fileRef = 4728C41420B6FCB4006D06FB /* Main.storyboard */; };
		4728C41820B6FCBC006D06FB /* Assets.xcassets in Resources */ = {isa = PBXBuildFile; fileRef = 4728C41720B6FCBC006D06FB /* Assets.xcassets */; };
		4728C41B20B6FCBC006D06FB /* LaunchScreen.storyboard in Resources */ = {isa = PBXBuildFile; fileRef = 4728C41920B6FCBC006D06FB /* LaunchScreen.storyboard */; };
		4728C42620B6FCBD006D06FB /* CollectionViewTestTests.swift in Sources */ = {isa = PBXBuildFile; fileRef = 4728C42520B6FCBD006D06FB /* CollectionViewTestTests.swift */; };
		4728C43120B6FCBD006D06FB /* CollectionViewTestUITests.swift in Sources */ = {isa = PBXBuildFile; fileRef = 4728C43020B6FCBD006D06FB /* CollectionViewTestUITests.swift */; };
		4728C43F20B6FCEF006D06FB /* CollectionView.swift in Sources */ = {isa = PBXBuildFile; fileRef = 4728C43E20B6FCEF006D06FB /* CollectionView.swift */; };
		47A10AEC20BC5E0A0041B3B7 /* BookShelfFlowLayout.swift in Sources */ = {isa = PBXBuildFile; fileRef = 47A10AEB20BC5E090041B3B7 /* BookShelfFlowLayout.swift */; };
/* End PBXBuildFile section */

/* Begin PBXContainerItemProxy section */
		4728C42220B6FCBD006D06FB /* PBXContainerItemProxy */ = {
			isa = PBXContainerItemProxy;
			containerPortal = 4728C40520B6FCB4006D06FB /* Project object */;
			proxyType = 1;
			remoteGlobalIDString = 4728C40C20B6FCB4006D06FB;
			remoteInfo = CollectionViewTest;
		};
		4728C42D20B6FCBD006D06FB /* PBXContainerItemProxy */ = {
			isa = PBXContainerItemProxy;
			containerPortal = 4728C40520B6FCB4006D06FB /* Project object */;
			proxyType = 1;
			remoteGlobalIDString = 4728C40C20B6FCB4006D06FB;
			remoteInfo = CollectionViewTest;
		};
/* End PBXContainerItemProxy section */

/* Begin PBXFileReference section */
		4728C40D20B6FCB4006D06FB /* CollectionViewTest.app */ = {isa = PBXFileReference; explicitFileType = wrapper.application; includeInIndex = 0; path = CollectionViewTest.app; sourceTree = BUILT_PRODUCTS_DIR; };
		4728C41020B6FCB4006D06FB /* AppDelegate.swift */ = {isa = PBXFileReference; lastKnownFileType = sourcecode.swift; path = AppDelegate.swift; sourceTree = "<group>"; };
		4728C41220B6FCB4006D06FB /* ViewController.swift */ = {isa = PBXFileReference; lastKnownFileType = sourcecode.swift; path = ViewController.swift; sourceTree = "<group>"; };
		4728C41520B6FCB4006D06FB /* Base */ = {isa = PBXFileReference; lastKnownFileType = file.storyboard; name = Base; path = Base.lproj/Main.storyboard; sourceTree = "<group>"; };
		4728C41720B6FCBC006D06FB /* Assets.xcassets */ = {isa = PBXFileReference; lastKnownFileType = folder.assetcatalog; path = Assets.xcassets; sourceTree = "<group>"; };
		4728C41A20B6FCBC006D06FB /* Base */ = {isa = PBXFileReference; lastKnownFileType = file.storyboard; name = Base; path = Base.lproj/LaunchScreen.storyboard; sourceTree = "<group>"; };
		4728C41C20B6FCBC006D06FB /* Info.plist */ = {isa = PBXFileReference; lastKnownFileType = text.plist.xml; path = Info.plist; sourceTree = "<group>"; };
		4728C42120B6FCBD006D06FB /* CollectionViewTestTests.xctest */ = {isa = PBXFileReference; explicitFileType = wrapper.cfbundle; includeInIndex = 0; path = CollectionViewTestTests.xctest; sourceTree = BUILT_PRODUCTS_DIR; };
		4728C42520B6FCBD006D06FB /* CollectionViewTestTests.swift */ = {isa = PBXFileReference; lastKnownFileType = sourcecode.swift; path = CollectionViewTestTests.swift; sourceTree = "<group>"; };
		4728C42720B6FCBD006D06FB /* Info.plist */ = {isa = PBXFileReference; lastKnownFileType = text.plist.xml; path = Info.plist; sourceTree = "<group>"; };
		4728C42C20B6FCBD006D06FB /* CollectionViewTestUITests.xctest */ = {isa = PBXFileReference; explicitFileType = wrapper.cfbundle; includeInIndex = 0; path = CollectionViewTestUITests.xctest; sourceTree = BUILT_PRODUCTS_DIR; };
		4728C43020B6FCBD006D06FB /* CollectionViewTestUITests.swift */ = {isa = PBXFileReference; lastKnownFileType = sourcecode.swift; path = CollectionViewTestUITests.swift; sourceTree = "<group>"; };
		4728C43220B6FCBD006D06FB /* Info.plist */ = {isa = PBXFileReference; lastKnownFileType = text.plist.xml; path = Info.plist; sourceTree = "<group>"; };
		4728C43E20B6FCEF006D06FB /* CollectionView.swift */ = {isa = PBXFileReference; lastKnownFileType = sourcecode.swift; path = CollectionView.swift; sourceTree = "<group>"; };
		47A10AEB20BC5E090041B3B7 /* BookShelfFlowLayout.swift */ = {isa = PBXFileReference; fileEncoding = 4; lastKnownFileType = sourcecode.swift; path = BookShelfFlowLayout.swift; sourceTree = "<group>"; };
/* End PBXFileReference section */

/* Begin PBXFrameworksBuildPhase section */
		4728C40A20B6FCB4006D06FB /* Frameworks */ = {
			isa = PBXFrameworksBuildPhase;
			buildActionMask = 2147483647;
			files = (
			);
			runOnlyForDeploymentPostprocessing = 0;
		};
		4728C41E20B6FCBD006D06FB /* Frameworks */ = {
			isa = PBXFrameworksBuildPhase;
			buildActionMask = 2147483647;
			files = (
			);
			runOnlyForDeploymentPostprocessing = 0;
		};
		4728C42920B6FCBD006D06FB /* Frameworks */ = {
			isa = PBXFrameworksBuildPhase;
			buildActionMask = 2147483647;
			files = (
			);
			runOnlyForDeploymentPostprocessing = 0;
		};
/* End PBXFrameworksBuildPhase section */

/* Begin PBXGroup section */
		4728C40420B6FCB4006D06FB = {
			isa = PBXGroup;
			children = (
				4728C40F20B6FCB4006D06FB /* CollectionViewTest */,
				4728C42420B6FCBD006D06FB /* CollectionViewTestTests */,
				4728C42F20B6FCBD006D06FB /* CollectionViewTestUITests */,
				4728C40E20B6FCB4006D06FB /* Products */,
			);
			sourceTree = "<group>";
		};
		4728C40E20B6FCB4006D06FB /* Products */ = {
			isa = PBXGroup;
			children = (
				4728C40D20B6FCB4006D06FB /* CollectionViewTest.app */,
				4728C42120B6FCBD006D06FB /* CollectionViewTestTests.xctest */,
				4728C42C20B6FCBD006D06FB /* CollectionViewTestUITests.xctest */,
			);
			name = Products;
			sourceTree = "<group>";
		};
		4728C40F20B6FCB4006D06FB /* CollectionViewTest */ = {
			isa = PBXGroup;
			children = (
				4728C41020B6FCB4006D06FB /* AppDelegate.swift */,
				4728C41220B6FCB4006D06FB /* ViewController.swift */,
				47A10AEB20BC5E090041B3B7 /* BookShelfFlowLayout.swift */,
				4728C43E20B6FCEF006D06FB /* CollectionView.swift */,
				4728C41420B6FCB4006D06FB /* Main.storyboard */,
				4728C41720B6FCBC006D06FB /* Assets.xcassets */,
				4728C41920B6FCBC006D06FB /* LaunchScreen.storyboard */,
				4728C41C20B6FCBC006D06FB /* Info.plist */,
			);
			path = CollectionViewTest;
			sourceTree = "<group>";
		};
		4728C42420B6FCBD006D06FB /* CollectionViewTestTests */ = {
			isa = PBXGroup;
			children = (
				4728C42520B6FCBD006D06FB /* CollectionViewTestTests.swift */,
				4728C42720B6FCBD006D06FB /* Info.plist */,
			);
			path = CollectionViewTestTests;
			sourceTree = "<group>";
		};
		4728C42F20B6FCBD006D06FB /* CollectionViewTestUITests */ = {
			isa = PBXGroup;
			children = (
				4728C43020B6FCBD006D06FB /* CollectionViewTestUITests.swift */,
				4728C43220B6FCBD006D06FB /* Info.plist */,
			);
			path = CollectionViewTestUITests;
			sourceTree = "<group>";
		};
/* End PBXGroup section */

/* Begin PBXNativeTarget section */
		4728C40C20B6FCB4006D06FB /* CollectionViewTest */ = {
			isa = PBXNativeTarget;
			buildConfigurationList = 4728C43520B6FCBD006D06FB /* Build configuration list for PBXNativeTarget "CollectionViewTest" */;
			buildPhases = (
				4728C40920B6FCB4006D06FB /* Sources */,
				4728C40A20B6FCB4006D06FB /* Frameworks */,
				4728C40B20B6FCB4006D06FB /* Resources */,
			);
			buildRules = (
			);
			dependencies = (
			);
			name = CollectionViewTest;
			productName = CollectionViewTest;
			productReference = 4728C40D20B6FCB4006D06FB /* CollectionViewTest.app */;
			productType = "com.apple.product-type.application";
		};
		4728C42020B6FCBD006D06FB /* CollectionViewTestTests */ = {
			isa = PBXNativeTarget;
			buildConfigurationList = 4728C43820B6FCBD006D06FB /* Build configuration list for PBXNativeTarget "CollectionViewTestTests" */;
			buildPhases = (
				4728C41D20B6FCBD006D06FB /* Sources */,
				4728C41E20B6FCBD006D06FB /* Frameworks */,
				4728C41F20B6FCBD006D06FB /* Resources */,
			);
			buildRules = (
			);
			dependencies = (
				4728C42320B6FCBD006D06FB /* PBXTargetDependency */,
			);
			name = CollectionViewTestTests;
			productName = CollectionViewTestTests;
			productReference = 4728C42120B6FCBD006D06FB /* CollectionViewTestTests.xctest */;
			productType = "com.apple.product-type.bundle.unit-test";
		};
		4728C42B20B6FCBD006D06FB /* CollectionViewTestUITests */ = {
			isa = PBXNativeTarget;
			buildConfigurationList = 4728C43B20B6FCBD006D06FB /* Build configuration list for PBXNativeTarget "CollectionViewTestUITests" */;
			buildPhases = (
				4728C42820B6FCBD006D06FB /* Sources */,
				4728C42920B6FCBD006D06FB /* Frameworks */,
				4728C42A20B6FCBD006D06FB /* Resources */,
			);
			buildRules = (
			);
			dependencies = (
				4728C42E20B6FCBD006D06FB /* PBXTargetDependency */,
			);
			name = CollectionViewTestUITests;
			productName = CollectionViewTestUITests;
			productReference = 4728C42C20B6FCBD006D06FB /* CollectionViewTestUITests.xctest */;
			productType = "com.apple.product-type.bundle.ui-testing";
		};
/* End PBXNativeTarget section */

/* Begin PBXProject section */
		4728C40520B6FCB4006D06FB /* Project object */ = {
			isa = PBXProject;
			attributes = {
				LastSwiftUpdateCheck = 0930;
				LastUpgradeCheck = 0930;
				ORGANIZATIONNAME = jinghe;
				TargetAttributes = {
					4728C40C20B6FCB4006D06FB = {
						CreatedOnToolsVersion = 9.3;
					};
					4728C42020B6FCBD006D06FB = {
						CreatedOnToolsVersion = 9.3;
						TestTargetID = 4728C40C20B6FCB4006D06FB;
					};
					4728C42B20B6FCBD006D06FB = {
						CreatedOnToolsVersion = 9.3;
						TestTargetID = 4728C40C20B6FCB4006D06FB;
					};
				};
			};
			buildConfigurationList = 4728C40820B6FCB4006D06FB /* Build configuration list for PBXProject "CollectionViewTest" */;
			compatibilityVersion = "Xcode 9.3";
			developmentRegion = en;
			hasScannedForEncodings = 0;
			knownRegions = (
				en,
				Base,
			);
			mainGroup = 4728C40420B6FCB4006D06FB;
			productRefGroup = 4728C40E20B6FCB4006D06FB /* Products */;
			projectDirPath = "";
			projectRoot = "";
			targets = (
				4728C40C20B6FCB4006D06FB /* CollectionViewTest */,
				4728C42020B6FCBD006D06FB /* CollectionViewTestTests */,
				4728C42B20B6FCBD006D06FB /* CollectionViewTestUITests */,
			);
		};
/* End PBXProject section */

/* Begin PBXResourcesBuildPhase section */
		4728C40B20B6FCB4006D06FB /* Resources */ = {
			isa = PBXResourcesBuildPhase;
			buildActionMask = 2147483647;
			files = (
				4728C41B20B6FCBC006D06FB /* LaunchScreen.storyboard in Resources */,
				4728C41820B6FCBC006D06FB /* Assets.xcassets in Resources */,
				4728C41620B6FCB4006D06FB /* Main.storyboard in Resources */,
			);
			runOnlyForDeploymentPostprocessing = 0;
		};
		4728C41F20B6FCBD006D06FB /* Resources */ = {
			isa = PBXResourcesBuildPhase;
			buildActionMask = 2147483647;
			files = (
			);
			runOnlyForDeploymentPostprocessing = 0;
		};
		4728C42A20B6FCBD006D06FB /* Resources */ = {
			isa = PBXResourcesBuildPhase;
			buildActionMask = 2147483647;
			files = (
			);
			runOnlyForDeploymentPostprocessing = 0;
		};
/* End PBXResourcesBuildPhase section */

/* Begin PBXSourcesBuildPhase section */
		4728C40920B6FCB4006D06FB /* Sources */ = {
			isa = PBXSourcesBuildPhase;
			buildActionMask = 2147483647;
			files = (
				4728C43F20B6FCEF006D06FB /* CollectionView.swift in Sources */,
				4728C41320B6FCB4006D06FB /* ViewController.swift in Sources */,
				4728C41120B6FCB4006D06FB /* AppDelegate.swift in Sources */,
				47A10AEC20BC5E0A0041B3B7 /* BookShelfFlowLayout.swift in Sources */,
			);
			runOnlyForDeploymentPostprocessing = 0;
		};
		4728C41D20B6FCBD006D06FB /* Sources */ = {
			isa = PBXSourcesBuildPhase;
			buildActionMask = 2147483647;
			files = (
				4728C42620B6FCBD006D06FB /* CollectionViewTestTests.swift in Sources */,
			);
			runOnlyForDeploymentPostprocessing = 0;
		};
		4728C42820B6FCBD006D06FB /* Sources */ = {
			isa = PBXSourcesBuildPhase;
			buildActionMask = 2147483647;
			files = (
				4728C43120B6FCBD006D06FB /* CollectionViewTestUITests.swift in Sources */,
			);
			runOnlyForDeploymentPostprocessing = 0;
		};
/* End PBXSourcesBuildPhase section */

/* Begin PBXTargetDependency section */
		4728C42320B6FCBD006D06FB /* PBXTargetDependency */ = {
			isa = PBXTargetDependency;
			target = 4728C40C20B6FCB4006D06FB /* CollectionViewTest */;
			targetProxy = 4728C42220B6FCBD006D06FB /* PBXContainerItemProxy */;
		};
		4728C42E20B6FCBD006D06FB /* PBXTargetDependency */ = {
			isa = PBXTargetDependency;
			target = 4728C40C20B6FCB4006D06FB /* CollectionViewTest */;
			targetProxy = 4728C42D20B6FCBD006D06FB /* PBXContainerItemProxy */;
		};
/* End PBXTargetDependency section */

/* Begin PBXVariantGroup section */
		4728C41420B6FCB4006D06FB /* Main.storyboard */ = {
			isa = PBXVariantGroup;
			children = (
				4728C41520B6FCB4006D06FB /* Base */,
			);
			name = Main.storyboard;
			sourceTree = "<group>";
		};
		4728C41920B6FCBC006D06FB /* LaunchScreen.storyboard */ = {
			isa = PBXVariantGroup;
			children = (
				4728C41A20B6FCBC006D06FB /* Base */,
			);
			name = LaunchScreen.storyboard;
			sourceTree = "<group>";
		};
/* End PBXVariantGroup section */

/* Begin XCBuildConfiguration section */
		4728C43320B6FCBD006D06FB /* Debug */ = {
			isa = XCBuildConfiguration;
			buildSettings = {
				ALWAYS_SEARCH_USER_PATHS = NO;
				CLANG_ANALYZER_NONNULL = YES;
				CLANG_ANALYZER_NUMBER_OBJECT_CONVERSION = YES_AGGRESSIVE;
				CLANG_CXX_LANGUAGE_STANDARD = "gnu++14";
				CLANG_CXX_LIBRARY = "libc++";
				CLANG_ENABLE_MODULES = YES;
				CLANG_ENABLE_OBJC_ARC = YES;
				CLANG_ENABLE_OBJC_WEAK = YES;
				CLANG_WARN_BLOCK_CAPTURE_AUTORELEASING = YES;
				CLANG_WARN_BOOL_CONVERSION = YES;
				CLANG_WARN_COMMA = YES;
				CLANG_WARN_CONSTANT_CONVERSION = YES;
				CLANG_WARN_DEPRECATED_OBJC_IMPLEMENTATIONS = YES;
				CLANG_WARN_DIRECT_OBJC_ISA_USAGE = YES_ERROR;
				CLANG_WARN_DOCUMENTATION_COMMENTS = YES;
				CLANG_WARN_EMPTY_BODY = YES;
				CLANG_WARN_ENUM_CONVERSION = YES;
				CLANG_WARN_INFINITE_RECURSION = YES;
				CLANG_WARN_INT_CONVERSION = YES;
				CLANG_WARN_NON_LITERAL_NULL_CONVERSION = YES;
				CLANG_WARN_OBJC_IMPLICIT_RETAIN_SELF = YES;
				CLANG_WARN_OBJC_LITERAL_CONVERSION = YES;
				CLANG_WARN_OBJC_ROOT_CLASS = YES_ERROR;
				CLANG_WARN_RANGE_LOOP_ANALYSIS = YES;
				CLANG_WARN_STRICT_PROTOTYPES = YES;
				CLANG_WARN_SUSPICIOUS_MOVE = YES;
				CLANG_WARN_UNGUARDED_AVAILABILITY = YES_AGGRESSIVE;
				CLANG_WARN_UNREACHABLE_CODE = YES;
				CLANG_WARN__DUPLICATE_METHOD_MATCH = YES;
				CODE_SIGN_IDENTITY = "iPhone Developer";
				COPY_PHASE_STRIP = NO;
				DEBUG_INFORMATION_FORMAT = dwarf;
				ENABLE_STRICT_OBJC_MSGSEND = YES;
				ENABLE_TESTABILITY = YES;
				GCC_C_LANGUAGE_STANDARD = gnu11;
				GCC_DYNAMIC_NO_PIC = NO;
				GCC_NO_COMMON_BLOCKS = YES;
				GCC_OPTIMIZATION_LEVEL = 0;
				GCC_PREPROCESSOR_DEFINITIONS = (
					"DEBUG=1",
					"$(inherited)",
				);
				GCC_WARN_64_TO_32_BIT_CONVERSION = YES;
				GCC_WARN_ABOUT_RETURN_TYPE = YES_ERROR;
				GCC_WARN_UNDECLARED_SELECTOR = YES;
				GCC_WARN_UNINITIALIZED_AUTOS = YES_AGGRESSIVE;
				GCC_WARN_UNUSED_FUNCTION = YES;
				GCC_WARN_UNUSED_VARIABLE = YES;
				IPHONEOS_DEPLOYMENT_TARGET = 11.3;
				MTL_ENABLE_DEBUG_INFO = YES;
				ONLY_ACTIVE_ARCH = YES;
				SDKROOT = iphoneos;
				SWIFT_ACTIVE_COMPILATION_CONDITIONS = DEBUG;
				SWIFT_OPTIMIZATION_LEVEL = "-Onone";
			};
			name = Debug;
		};
		4728C43420B6FCBD006D06FB /* Release */ = {
			isa = XCBuildConfiguration;
			buildSettings = {
				ALWAYS_SEARCH_USER_PATHS = NO;
				CLANG_ANALYZER_NONNULL = YES;
				CLANG_ANALYZER_NUMBER_OBJECT_CONVERSION = YES_AGGRESSIVE;
				CLANG_CXX_LANGUAGE_STANDARD = "gnu++14";
				CLANG_CXX_LIBRARY = "libc++";
				CLANG_ENABLE_MODULES = YES;
				CLANG_ENABLE_OBJC_ARC = YES;
				CLANG_ENABLE_OBJC_WEAK = YES;
				CLANG_WARN_BLOCK_CAPTURE_AUTORELEASING = YES;
				CLANG_WARN_BOOL_CONVERSION = YES;
				CLANG_WARN_COMMA = YES;
				CLANG_WARN_CONSTANT_CONVERSION = YES;
				CLANG_WARN_DEPRECATED_OBJC_IMPLEMENTATIONS = YES;
				CLANG_WARN_DIRECT_OBJC_ISA_USAGE = YES_ERROR;
				CLANG_WARN_DOCUMENTATION_COMMENTS = YES;
				CLANG_WARN_EMPTY_BODY = YES;
				CLANG_WARN_ENUM_CONVERSION = YES;
				CLANG_WARN_INFINITE_RECURSION = YES;
				CLANG_WARN_INT_CONVERSION = YES;
				CLANG_WARN_NON_LITERAL_NULL_CONVERSION = YES;
				CLANG_WARN_OBJC_IMPLICIT_RETAIN_SELF = YES;
				CLANG_WARN_OBJC_LITERAL_CONVERSION = YES;
				CLANG_WARN_OBJC_ROOT_CLASS = YES_ERROR;
				CLANG_WARN_RANGE_LOOP_ANALYSIS = YES;
				CLANG_WARN_STRICT_PROTOTYPES = YES;
				CLANG_WARN_SUSPICIOUS_MOVE = YES;
				CLANG_WARN_UNGUARDED_AVAILABILITY = YES_AGGRESSIVE;
				CLANG_WARN_UNREACHABLE_CODE = YES;
				CLANG_WARN__DUPLICATE_METHOD_MATCH = YES;
				CODE_SIGN_IDENTITY = "iPhone Developer";
				COPY_PHASE_STRIP = NO;
				DEBUG_INFORMATION_FORMAT = "dwarf-with-dsym";
				ENABLE_NS_ASSERTIONS = NO;
				ENABLE_STRICT_OBJC_MSGSEND = YES;
				GCC_C_LANGUAGE_STANDARD = gnu11;
				GCC_NO_COMMON_BLOCKS = YES;
				GCC_WARN_64_TO_32_BIT_CONVERSION = YES;
				GCC_WARN_ABOUT_RETURN_TYPE = YES_ERROR;
				GCC_WARN_UNDECLARED_SELECTOR = YES;
				GCC_WARN_UNINITIALIZED_AUTOS = YES_AGGRESSIVE;
				GCC_WARN_UNUSED_FUNCTION = YES;
				GCC_WARN_UNUSED_VARIABLE = YES;
				IPHONEOS_DEPLOYMENT_TARGET = 11.3;
				MTL_ENABLE_DEBUG_INFO = NO;
				SDKROOT = iphoneos;
				SWIFT_COMPILATION_MODE = wholemodule;
				SWIFT_OPTIMIZATION_LEVEL = "-O";
				VALIDATE_PRODUCT = YES;
			};
			name = Release;
		};
		4728C43620B6FCBD006D06FB /* Debug */ = {
			isa = XCBuildConfiguration;
			buildSettings = {
				ASSETCATALOG_COMPILER_APPICON_NAME = AppIcon;
				CODE_SIGN_STYLE = Automatic;
				DEVELOPMENT_TEAM = WT8AFC7R9Y;
				INFOPLIST_FILE = CollectionViewTest/Info.plist;
				LD_RUNPATH_SEARCH_PATHS = (
					"$(inherited)",
					"@executable_path/Frameworks",
				);
				PRODUCT_BUNDLE_IDENTIFIER = "-.CollectionViewTest";
				PRODUCT_NAME = "$(TARGET_NAME)";
				SWIFT_VERSION = 4.0;
				TARGETED_DEVICE_FAMILY = "1,2";
			};
			name = Debug;
		};
		4728C43720B6FCBD006D06FB /* Release */ = {
			isa = XCBuildConfiguration;
			buildSettings = {
				ASSETCATALOG_COMPILER_APPICON_NAME = AppIcon;
				CODE_SIGN_STYLE = Automatic;
				DEVELOPMENT_TEAM = WT8AFC7R9Y;
				INFOPLIST_FILE = CollectionViewTest/Info.plist;
				LD_RUNPATH_SEARCH_PATHS = (
					"$(inherited)",
					"@executable_path/Frameworks",
				);
				PRODUCT_BUNDLE_IDENTIFIER = "-.CollectionViewTest";
				PRODUCT_NAME = "$(TARGET_NAME)";
				SWIFT_VERSION = 4.0;
				TARGETED_DEVICE_FAMILY = "1,2";
			};
			name = Release;
		};
		4728C43920B6FCBD006D06FB /* Debug */ = {
			isa = XCBuildConfiguration;
			buildSettings = {
				ALWAYS_EMBED_SWIFT_STANDARD_LIBRARIES = YES;
				BUNDLE_LOADER = "$(TEST_HOST)";
				CODE_SIGN_STYLE = Automatic;
				DEVELOPMENT_TEAM = WT8AFC7R9Y;
				INFOPLIST_FILE = CollectionViewTestTests/Info.plist;
				LD_RUNPATH_SEARCH_PATHS = (
					"$(inherited)",
					"@executable_path/Frameworks",
					"@loader_path/Frameworks",
				);
				PRODUCT_BUNDLE_IDENTIFIER = "-.CollectionViewTestTests";
				PRODUCT_NAME = "$(TARGET_NAME)";
				SWIFT_VERSION = 4.0;
				TARGETED_DEVICE_FAMILY = "1,2";
				TEST_HOST = "$(BUILT_PRODUCTS_DIR)/CollectionViewTest.app/CollectionViewTest";
			};
			name = Debug;
		};
		4728C43A20B6FCBD006D06FB /* Release */ = {
			isa = XCBuildConfiguration;
			buildSettings = {
				ALWAYS_EMBED_SWIFT_STANDARD_LIBRARIES = YES;
				BUNDLE_LOADER = "$(TEST_HOST)";
				CODE_SIGN_STYLE = Automatic;
				DEVELOPMENT_TEAM = WT8AFC7R9Y;
				INFOPLIST_FILE = CollectionViewTestTests/Info.plist;
				LD_RUNPATH_SEARCH_PATHS = (
					"$(inherited)",
					"@executable_path/Frameworks",
					"@loader_path/Frameworks",
				);
				PRODUCT_BUNDLE_IDENTIFIER = "-.CollectionViewTestTests";
				PRODUCT_NAME = "$(TARGET_NAME)";
				SWIFT_VERSION = 4.0;
				TARGETED_DEVICE_FAMILY = "1,2";
				TEST_HOST = "$(BUILT_PRODUCTS_DIR)/CollectionViewTest.app/CollectionViewTest";
			};
			name = Release;
		};
		4728C43C20B6FCBD006D06FB /* Debug */ = {
			isa = XCBuildConfiguration;
			buildSettings = {
				ALWAYS_EMBED_SWIFT_STANDARD_LIBRARIES = YES;
				CODE_SIGN_STYLE = Automatic;
				DEVELOPMENT_TEAM = WT8AFC7R9Y;
				INFOPLIST_FILE = CollectionViewTestUITests/Info.plist;
				LD_RUNPATH_SEARCH_PATHS = (
					"$(inherited)",
					"@executable_path/Frameworks",
					"@loader_path/Frameworks",
				);
				PRODUCT_BUNDLE_IDENTIFIER = "-.CollectionViewTestUITests";
				PRODUCT_NAME = "$(TARGET_NAME)";
				SWIFT_VERSION = 4.0;
				TARGETED_DEVICE_FAMILY = "1,2";
				TEST_TARGET_NAME = CollectionViewTest;
			};
			name = Debug;
		};
		4728C43D20B6FCBD006D06FB /* Release */ = {
			isa = XCBuildConfiguration;
			buildSettings = {
				ALWAYS_EMBED_SWIFT_STANDARD_LIBRARIES = YES;
				CODE_SIGN_STYLE = Automatic;
				DEVELOPMENT_TEAM = WT8AFC7R9Y;
				INFOPLIST_FILE = CollectionViewTestUITests/Info.plist;
				LD_RUNPATH_SEARCH_PATHS = (
					"$(inherited)",
					"@executable_path/Frameworks",
					"@loader_path/Frameworks",
				);
				PRODUCT_BUNDLE_IDENTIFIER = "-.CollectionViewTestUITests";
				PRODUCT_NAME = "$(TARGET_NAME)";
				SWIFT_VERSION = 4.0;
				TARGETED_DEVICE_FAMILY = "1,2";
				TEST_TARGET_NAME = CollectionViewTest;
			};
			name = Release;
		};
/* End XCBuildConfiguration section */

/* Begin XCConfigurationList section */
		4728C40820B6FCB4006D06FB /* Build configuration list for PBXProject "CollectionViewTest" */ = {
			isa = XCConfigurationList;
			buildConfigurations = (
				4728C43320B6FCBD006D06FB /* Debug */,
				4728C43420B6FCBD006D06FB /* Release */,
			);
			defaultConfigurationIsVisible = 0;
			defaultConfigurationName = Release;
		};
		4728C43520B6FCBD006D06FB /* Build configuration list for PBXNativeTarget "CollectionViewTest" */ = {
			isa = XCConfigurationList;
			buildConfigurations = (
				4728C43620B6FCBD006D06FB /* Debug */,
				4728C43720B6FCBD006D06FB /* Release */,
			);
			defaultConfigurationIsVisible = 0;
			defaultConfigurationName = Release;
		};
		4728C43820B6FCBD006D06FB /* Build configuration list for PBXNativeTarget "CollectionViewTestTests" */ = {
			isa = XCConfigurationList;
			buildConfigurations = (
				4728C43920B6FCBD006D06FB /* Debug */,
				4728C43A20B6FCBD006D06FB /* Release */,
			);
			defaultConfigurationIsVisible = 0;
			defaultConfigurationName = Release;
		};
		4728C43B20B6FCBD006D06FB /* Build configuration list for PBXNativeTarget "CollectionViewTestUITests" */ = {
			isa = XCConfigurationList;
			buildConfigurations = (
				4728C43C20B6FCBD006D06FB /* Debug */,
				4728C43D20B6FCBD006D06FB /* Release */,
			);
			defaultConfigurationIsVisible = 0;
			defaultConfigurationName = Release;
		};
/* End XCConfigurationList section */
	};
	rootObject = 4728C40520B6FCB4006D06FB /* Project object */;
}
